
Microsoft Visual Studio Solution File, Format Version 12.00
# Visual Studio Version 17
VisualStudioVersion = 17.1.32407.343
MinimumVisualStudioVersion = 10.0.40219.1
Project("{FAE04EC0-301F-11D3-BF4B-00C04F79EFBC}") = "Assignment55", "Assignment55\Assignment55.csproj", "{EE2AB852-1B35-4827-A82A-848DBD3243BC}"
EndProject
Global
	GlobalSection(SolutionConfigurationPlatforms) = preSolution
		Debug|Any CPU = Debug|Any CPU
		Release|Any CPU = Release|Any CPU
	EndGlobalSection
	GlobalSection(ProjectConfigurationPlatforms) = postSolution
		{EE2AB852-1B35-4827-A82A-848DBD3243BC}.Debug|Any CPU.ActiveCfg = Debug|Any CPU
		{EE2AB852-1B35-4827-A82A-848DBD3243BC}.Debug|Any CPU.Build.0 = Debug|Any CPU
		{EE2AB852-1B35-4827-A82A-848DBD3243BC}.Release|Any CPU.ActiveCfg = Release|Any CPU
		{EE2AB852-1B35-4827-A82A-848DBD3243BC}.Release|Any CPU.Build.0 = Release|Any CPU
	EndGlobalSection
	GlobalSection(SolutionProperties) = preSolution
		HideSolutionNode = FALSE
	EndGlobalSection
	GlobalSection(ExtensibilityGlobals) = postSolution
		SolutionGuid = {6BC18CA8-124F-4BCF-BB29-B81C077EFB13}
	EndGlobalSection
EndGlobal
