
Microsoft Visual Studio Solution File, Format Version 12.00
# Visual Studio Version 17
VisualStudioVersion = 17.1.32407.343
MinimumVisualStudioVersion = 10.0.40219.1
Project("{FAE04EC0-301F-11D3-BF4B-00C04F79EFBC}") = "ConsoleApp5", "ConsoleApp5\ConsoleApp5.csproj", "{1690FA80-74AD-4EA8-8F28-209EDFA1E75E}"
EndProject
Global
	GlobalSection(SolutionConfigurationPlatforms) = preSolution
		Debug|Any CPU = Debug|Any CPU
		Release|Any CPU = Release|Any CPU
	EndGlobalSection
	GlobalSection(ProjectConfigurationPlatforms) = postSolution
		{1690FA80-74AD-4EA8-8F28-209EDFA1E75E}.Debug|Any CPU.ActiveCfg = Debug|Any CPU
		{1690FA80-74AD-4EA8-8F28-209EDFA1E75E}.Debug|Any CPU.Build.0 = Debug|Any CPU
		{1690FA80-74AD-4EA8-8F28-209EDFA1E75E}.Release|Any CPU.ActiveCfg = Release|Any CPU
		{1690FA80-74AD-4EA8-8F28-209EDFA1E75E}.Release|Any CPU.Build.0 = Release|Any CPU
	EndGlobalSection
	GlobalSection(SolutionProperties) = preSolution
		HideSolutionNode = FALSE
	EndGlobalSection
	GlobalSection(ExtensibilityGlobals) = postSolution
		SolutionGuid = {976DB128-DF47-48D1-8409-B547D0479394}
	EndGlobalSection
EndGlobal
