
Microsoft Visual Studio Solution File, Format Version 12.00
# Visual Studio Version 16
VisualStudioVersion = 16.0.32510.428
MinimumVisualStudioVersion = 10.0.40219.1
Project("{FAE04EC0-301F-11D3-BF4B-00C04F79EFBC}") = "Codebase3", "Codebase3\Codebase3.csproj", "{5830CF7A-05D3-49BA-BE1C-AFAF5FDCCD91}"
EndProject
Global
	GlobalSection(SolutionConfigurationPlatforms) = preSolution
		Debug|Any CPU = Debug|Any CPU
		Release|Any CPU = Release|Any CPU
	EndGlobalSection
	GlobalSection(ProjectConfigurationPlatforms) = postSolution
		{5830CF7A-05D3-49BA-BE1C-AFAF5FDCCD91}.Debug|Any CPU.ActiveCfg = Debug|Any CPU
		{5830CF7A-05D3-49BA-BE1C-AFAF5FDCCD91}.Debug|Any CPU.Build.0 = Debug|Any CPU
		{5830CF7A-05D3-49BA-BE1C-AFAF5FDCCD91}.Release|Any CPU.ActiveCfg = Release|Any CPU
		{5830CF7A-05D3-49BA-BE1C-AFAF5FDCCD91}.Release|Any CPU.Build.0 = Release|Any CPU
	EndGlobalSection
	GlobalSection(SolutionProperties) = preSolution
		HideSolutionNode = FALSE
	EndGlobalSection
	GlobalSection(ExtensibilityGlobals) = postSolution
		SolutionGuid = {0AD996EE-45D8-4BD6-BC26-FF12A9F9FBA6}
	EndGlobalSection
EndGlobal
