
Microsoft Visual Studio Solution File, Format Version 12.00
# Visual Studio Version 17
VisualStudioVersion = 17.1.32407.343
MinimumVisualStudioVersion = 10.0.40219.1
Project("{FAE04EC0-301F-11D3-BF4B-00C04F79EFBC}") = "Assignment5", "Assignment5\Assignment5.csproj", "{B4C23BC6-8866-451D-A0DF-E0771C8009B1}"
EndProject
Global
	GlobalSection(SolutionConfigurationPlatforms) = preSolution
		Debug|Any CPU = Debug|Any CPU
		Release|Any CPU = Release|Any CPU
	EndGlobalSection
	GlobalSection(ProjectConfigurationPlatforms) = postSolution
		{B4C23BC6-8866-451D-A0DF-E0771C8009B1}.Debug|Any CPU.ActiveCfg = Debug|Any CPU
		{B4C23BC6-8866-451D-A0DF-E0771C8009B1}.Debug|Any CPU.Build.0 = Debug|Any CPU
		{B4C23BC6-8866-451D-A0DF-E0771C8009B1}.Release|Any CPU.ActiveCfg = Release|Any CPU
		{B4C23BC6-8866-451D-A0DF-E0771C8009B1}.Release|Any CPU.Build.0 = Release|Any CPU
	EndGlobalSection
	GlobalSection(SolutionProperties) = preSolution
		HideSolutionNode = FALSE
	EndGlobalSection
	GlobalSection(ExtensibilityGlobals) = postSolution
		SolutionGuid = {824DE16C-1617-4B92-9626-DC0983BE2309}
	EndGlobalSection
EndGlobal
